
Microsoft Visual Studio Solution File, Format Version 12.00
# Visual Studio Version 17
VisualStudioVersion = 17.0.31903.59
MinimumVisualStudioVersion = 10.0.40219.1
Project("{FAE04EC0-301F-11D3-BF4B-00C04F79EFBC}") = "Terrarium.OrganismBase", "Terrarium.OrganismBase\Terrarium.OrganismBase.csproj", "{385034CC-73FB-48B0-B59C-CD1F444BD9FD}"
EndProject
Project("{FAE04EC0-301F-11D3-BF4B-00C04F79EFBC}") = "Terrarium.Game", "Terrarium.Game\Terrarium.Game.csproj", "{7216E233-23BC-432D-8D19-D77B24E19BA4}"
EndProject
Project("{FAE04EC0-301F-11D3-BF4B-00C04F79EFBC}") = "Terrarium.Server", "Terrarium.Server\Terrarium.Server.csproj", "{3102753A-067A-4646-B403-024ACC5F2E54}"
EndProject
Project("{FAE04EC0-301F-11D3-BF4B-00C04F79EFBC}") = "Terrarium.Web", "Terrarium.Web\Terrarium.Web.csproj", "{16DE8411-0E60-4D04-BA11-BCAADC502BBF}"
EndProject
Project("{FAE04EC0-301F-11D3-BF4B-00C04F79EFBC}") = "Terrarium.AppHost", "Terrarium.AppHost\Terrarium.AppHost.csproj", "{867A916B-2864-4F0D-95BB-001DE093307E}"
EndProject
Project("{FAE04EC0-301F-11D3-BF4B-00C04F79EFBC}") = "Terrarium.ServiceDefaults", "Terrarium.ServiceDefaults\Terrarium.ServiceDefaults.csproj", "{D654137F-76C3-40AC-B83C-F9B054376533}"
EndProject
Project("{FAE04EC0-301F-11D3-BF4B-00C04F79EFBC}") = "Terrarium.Server.Tests", "Terrarium.Server.Tests\Terrarium.Server.Tests.csproj", "{F8FE2B51-C3BF-4279-9307-373FC63068CB}"
EndProject
Project("{FAE04EC0-301F-11D3-BF4B-00C04F79EFBC}") = "Terrarium.Configuration", "Terrarium.Configuration\Terrarium.Configuration.csproj", "{7A23AE8C-766B-46A0-BEEF-FBFBC1CCF0B4}"
EndProject
Project("{FAE04EC0-301F-11D3-BF4B-00C04F79EFBC}") = "Terrarium.OrganismBase.Tests", "Terrarium.OrganismBase.Tests\Terrarium.OrganismBase.Tests.csproj", "{276A45D4-7F7D-4F63-B00D-9C508D0FFF0A}"
EndProject
Project("{FAE04EC0-301F-11D3-BF4B-00C04F79EFBC}") = "Terrarium.Configuration.Tests", "Terrarium.Configuration.Tests\Terrarium.Configuration.Tests.csproj", "{2FF3A1C5-6CD6-48E7-9D82-B7E8030F444A}"
EndProject
Global
	GlobalSection(SolutionConfigurationPlatforms) = preSolution
		Debug|Any CPU = Debug|Any CPU
		Debug|x64 = Debug|x64
		Debug|x86 = Debug|x86
		Release|Any CPU = Release|Any CPU
		Release|x64 = Release|x64
		Release|x86 = Release|x86
	EndGlobalSection
	GlobalSection(ProjectConfigurationPlatforms) = postSolution
		{385034CC-73FB-48B0-B59C-CD1F444BD9FD}.Debug|Any CPU.ActiveCfg = Debug|Any CPU
		{385034CC-73FB-48B0-B59C-CD1F444BD9FD}.Debug|Any CPU.Build.0 = Debug|Any CPU
		{385034CC-73FB-48B0-B59C-CD1F444BD9FD}.Debug|x64.ActiveCfg = Debug|Any CPU
		{385034CC-73FB-48B0-B59C-CD1F444BD9FD}.Debug|x64.Build.0 = Debug|Any CPU
		{385034CC-73FB-48B0-B59C-CD1F444BD9FD}.Debug|x86.ActiveCfg = Debug|Any CPU
		{385034CC-73FB-48B0-B59C-CD1F444BD9FD}.Debug|x86.Build.0 = Debug|Any CPU
		{385034CC-73FB-48B0-B59C-CD1F444BD9FD}.Release|Any CPU.ActiveCfg = Release|Any CPU
		{385034CC-73FB-48B0-B59C-CD1F444BD9FD}.Release|Any CPU.Build.0 = Release|Any CPU
		{385034CC-73FB-48B0-B59C-CD1F444BD9FD}.Release|x64.ActiveCfg = Release|Any CPU
		{385034CC-73FB-48B0-B59C-CD1F444BD9FD}.Release|x64.Build.0 = Release|Any CPU
		{385034CC-73FB-48B0-B59C-CD1F444BD9FD}.Release|x86.ActiveCfg = Release|Any CPU
		{385034CC-73FB-48B0-B59C-CD1F444BD9FD}.Release|x86.Build.0 = Release|Any CPU
		{7216E233-23BC-432D-8D19-D77B24E19BA4}.Debug|Any CPU.ActiveCfg = Debug|Any CPU
		{7216E233-23BC-432D-8D19-D77B24E19BA4}.Debug|Any CPU.Build.0 = Debug|Any CPU
		{7216E233-23BC-432D-8D19-D77B24E19BA4}.Debug|x64.ActiveCfg = Debug|Any CPU
		{7216E233-23BC-432D-8D19-D77B24E19BA4}.Debug|x64.Build.0 = Debug|Any CPU
		{7216E233-23BC-432D-8D19-D77B24E19BA4}.Debug|x86.ActiveCfg = Debug|Any CPU
		{7216E233-23BC-432D-8D19-D77B24E19BA4}.Debug|x86.Build.0 = Debug|Any CPU
		{7216E233-23BC-432D-8D19-D77B24E19BA4}.Release|Any CPU.ActiveCfg = Release|Any CPU
		{7216E233-23BC-432D-8D19-D77B24E19BA4}.Release|Any CPU.Build.0 = Release|Any CPU
		{7216E233-23BC-432D-8D19-D77B24E19BA4}.Release|x64.ActiveCfg = Release|Any CPU
		{7216E233-23BC-432D-8D19-D77B24E19BA4}.Release|x64.Build.0 = Release|Any CPU
		{7216E233-23BC-432D-8D19-D77B24E19BA4}.Release|x86.ActiveCfg = Release|Any CPU
		{7216E233-23BC-432D-8D19-D77B24E19BA4}.Release|x86.Build.0 = Release|Any CPU
		{3102753A-067A-4646-B403-024ACC5F2E54}.Debug|Any CPU.ActiveCfg = Debug|Any CPU
		{3102753A-067A-4646-B403-024ACC5F2E54}.Debug|Any CPU.Build.0 = Debug|Any CPU
		{3102753A-067A-4646-B403-024ACC5F2E54}.Debug|x64.ActiveCfg = Debug|Any CPU
		{3102753A-067A-4646-B403-024ACC5F2E54}.Debug|x64.Build.0 = Debug|Any CPU
		{3102753A-067A-4646-B403-024ACC5F2E54}.Debug|x86.ActiveCfg = Debug|Any CPU
		{3102753A-067A-4646-B403-024ACC5F2E54}.Debug|x86.Build.0 = Debug|Any CPU
		{3102753A-067A-4646-B403-024ACC5F2E54}.Release|Any CPU.ActiveCfg = Release|Any CPU
		{3102753A-067A-4646-B403-024ACC5F2E54}.Release|Any CPU.Build.0 = Release|Any CPU
		{3102753A-067A-4646-B403-024ACC5F2E54}.Release|x64.ActiveCfg = Release|Any CPU
		{3102753A-067A-4646-B403-024ACC5F2E54}.Release|x64.Build.0 = Release|Any CPU
		{3102753A-067A-4646-B403-024ACC5F2E54}.Release|x86.ActiveCfg = Release|Any CPU
		{3102753A-067A-4646-B403-024ACC5F2E54}.Release|x86.Build.0 = Release|Any CPU
		{16DE8411-0E60-4D04-BA11-BCAADC502BBF}.Debug|Any CPU.ActiveCfg = Debug|Any CPU
		{16DE8411-0E60-4D04-BA11-BCAADC502BBF}.Debug|Any CPU.Build.0 = Debug|Any CPU
		{16DE8411-0E60-4D04-BA11-BCAADC502BBF}.Debug|x64.ActiveCfg = Debug|Any CPU
		{16DE8411-0E60-4D04-BA11-BCAADC502BBF}.Debug|x64.Build.0 = Debug|Any CPU
		{16DE8411-0E60-4D04-BA11-BCAADC502BBF}.Debug|x86.ActiveCfg = Debug|Any CPU
		{16DE8411-0E60-4D04-BA11-BCAADC502BBF}.Debug|x86.Build.0 = Debug|Any CPU
		{16DE8411-0E60-4D04-BA11-BCAADC502BBF}.Release|Any CPU.ActiveCfg = Release|Any CPU
		{16DE8411-0E60-4D04-BA11-BCAADC502BBF}.Release|Any CPU.Build.0 = Release|Any CPU
		{16DE8411-0E60-4D04-BA11-BCAADC502BBF}.Release|x64.ActiveCfg = Release|Any CPU
		{16DE8411-0E60-4D04-BA11-BCAADC502BBF}.Release|x64.Build.0 = Release|Any CPU
		{16DE8411-0E60-4D04-BA11-BCAADC502BBF}.Release|x86.ActiveCfg = Release|Any CPU
		{16DE8411-0E60-4D04-BA11-BCAADC502BBF}.Release|x86.Build.0 = Release|Any CPU
		{867A916B-2864-4F0D-95BB-001DE093307E}.Debug|Any CPU.ActiveCfg = Debug|Any CPU
		{867A916B-2864-4F0D-95BB-001DE093307E}.Debug|Any CPU.Build.0 = Debug|Any CPU
		{867A916B-2864-4F0D-95BB-001DE093307E}.Debug|x64.ActiveCfg = Debug|Any CPU
		{867A916B-2864-4F0D-95BB-001DE093307E}.Debug|x64.Build.0 = Debug|Any CPU
		{867A916B-2864-4F0D-95BB-001DE093307E}.Debug|x86.ActiveCfg = Debug|Any CPU
		{867A916B-2864-4F0D-95BB-001DE093307E}.Debug|x86.Build.0 = Debug|Any CPU
		{867A916B-2864-4F0D-95BB-001DE093307E}.Release|Any CPU.ActiveCfg = Release|Any CPU
		{867A916B-2864-4F0D-95BB-001DE093307E}.Release|Any CPU.Build.0 = Release|Any CPU
		{867A916B-2864-4F0D-95BB-001DE093307E}.Release|x64.ActiveCfg = Release|Any CPU
		{867A916B-2864-4F0D-95BB-001DE093307E}.Release|x64.Build.0 = Release|Any CPU
		{867A916B-2864-4F0D-95BB-001DE093307E}.Release|x86.ActiveCfg = Release|Any CPU
		{867A916B-2864-4F0D-95BB-001DE093307E}.Release|x86.Build.0 = Release|Any CPU
		{D654137F-76C3-40AC-B83C-F9B054376533}.Debug|Any CPU.ActiveCfg = Debug|Any CPU
		{D654137F-76C3-40AC-B83C-F9B054376533}.Debug|Any CPU.Build.0 = Debug|Any CPU
		{D654137F-76C3-40AC-B83C-F9B054376533}.Debug|x64.ActiveCfg = Debug|Any CPU
		{D654137F-76C3-40AC-B83C-F9B054376533}.Debug|x64.Build.0 = Debug|Any CPU
		{D654137F-76C3-40AC-B83C-F9B054376533}.Debug|x86.ActiveCfg = Debug|Any CPU
		{D654137F-76C3-40AC-B83C-F9B054376533}.Debug|x86.Build.0 = Debug|Any CPU
		{D654137F-76C3-40AC-B83C-F9B054376533}.Release|Any CPU.ActiveCfg = Release|Any CPU
		{D654137F-76C3-40AC-B83C-F9B054376533}.Release|Any CPU.Build.0 = Release|Any CPU
		{D654137F-76C3-40AC-B83C-F9B054376533}.Release|x64.ActiveCfg = Release|Any CPU
		{D654137F-76C3-40AC-B83C-F9B054376533}.Release|x64.Build.0 = Release|Any CPU
		{D654137F-76C3-40AC-B83C-F9B054376533}.Release|x86.ActiveCfg = Release|Any CPU
		{D654137F-76C3-40AC-B83C-F9B054376533}.Release|x86.Build.0 = Release|Any CPU
		{F8FE2B51-C3BF-4279-9307-373FC63068CB}.Debug|Any CPU.ActiveCfg = Debug|Any CPU
		{F8FE2B51-C3BF-4279-9307-373FC63068CB}.Debug|Any CPU.Build.0 = Debug|Any CPU
		{F8FE2B51-C3BF-4279-9307-373FC63068CB}.Debug|x64.ActiveCfg = Debug|Any CPU
		{F8FE2B51-C3BF-4279-9307-373FC63068CB}.Debug|x64.Build.0 = Debug|Any CPU
		{F8FE2B51-C3BF-4279-9307-373FC63068CB}.Debug|x86.ActiveCfg = Debug|Any CPU
		{F8FE2B51-C3BF-4279-9307-373FC63068CB}.Debug|x86.Build.0 = Debug|Any CPU
		{F8FE2B51-C3BF-4279-9307-373FC63068CB}.Release|Any CPU.ActiveCfg = Release|Any CPU
		{F8FE2B51-C3BF-4279-9307-373FC63068CB}.Release|Any CPU.Build.0 = Release|Any CPU
		{F8FE2B51-C3BF-4279-9307-373FC63068CB}.Release|x64.ActiveCfg = Release|Any CPU
		{F8FE2B51-C3BF-4279-9307-373FC63068CB}.Release|x64.Build.0 = Release|Any CPU
		{F8FE2B51-C3BF-4279-9307-373FC63068CB}.Release|x86.ActiveCfg = Release|Any CPU
		{F8FE2B51-C3BF-4279-9307-373FC63068CB}.Release|x86.Build.0 = Release|Any CPU
		{7A23AE8C-766B-46A0-BEEF-FBFBC1CCF0B4}.Debug|Any CPU.ActiveCfg = Debug|Any CPU
		{7A23AE8C-766B-46A0-BEEF-FBFBC1CCF0B4}.Debug|Any CPU.Build.0 = Debug|Any CPU
		{7A23AE8C-766B-46A0-BEEF-FBFBC1CCF0B4}.Debug|x64.ActiveCfg = Debug|Any CPU
		{7A23AE8C-766B-46A0-BEEF-FBFBC1CCF0B4}.Debug|x64.Build.0 = Debug|Any CPU
		{7A23AE8C-766B-46A0-BEEF-FBFBC1CCF0B4}.Debug|x86.ActiveCfg = Debug|Any CPU
		{7A23AE8C-766B-46A0-BEEF-FBFBC1CCF0B4}.Debug|x86.Build.0 = Debug|Any CPU
		{7A23AE8C-766B-46A0-BEEF-FBFBC1CCF0B4}.Release|Any CPU.ActiveCfg = Release|Any CPU
		{7A23AE8C-766B-46A0-BEEF-FBFBC1CCF0B4}.Release|Any CPU.Build.0 = Release|Any CPU
		{7A23AE8C-766B-46A0-BEEF-FBFBC1CCF0B4}.Release|x64.ActiveCfg = Release|Any CPU
		{7A23AE8C-766B-46A0-BEEF-FBFBC1CCF0B4}.Release|x64.Build.0 = Release|Any CPU
		{7A23AE8C-766B-46A0-BEEF-FBFBC1CCF0B4}.Release|x86.ActiveCfg = Release|Any CPU
		{7A23AE8C-766B-46A0-BEEF-FBFBC1CCF0B4}.Release|x86.Build.0 = Release|Any CPU
		{276A45D4-7F7D-4F63-B00D-9C508D0FFF0A}.Debug|Any CPU.ActiveCfg = Debug|Any CPU
		{276A45D4-7F7D-4F63-B00D-9C508D0FFF0A}.Debug|Any CPU.Build.0 = Debug|Any CPU
		{276A45D4-7F7D-4F63-B00D-9C508D0FFF0A}.Debug|x64.ActiveCfg = Debug|Any CPU
		{276A45D4-7F7D-4F63-B00D-9C508D0FFF0A}.Debug|x64.Build.0 = Debug|Any CPU
		{276A45D4-7F7D-4F63-B00D-9C508D0FFF0A}.Debug|x86.ActiveCfg = Debug|Any CPU
		{276A45D4-7F7D-4F63-B00D-9C508D0FFF0A}.Debug|x86.Build.0 = Debug|Any CPU
		{276A45D4-7F7D-4F63-B00D-9C508D0FFF0A}.Release|Any CPU.ActiveCfg = Release|Any CPU
		{276A45D4-7F7D-4F63-B00D-9C508D0FFF0A}.Release|Any CPU.Build.0 = Release|Any CPU
		{276A45D4-7F7D-4F63-B00D-9C508D0FFF0A}.Release|x64.ActiveCfg = Release|Any CPU
		{276A45D4-7F7D-4F63-B00D-9C508D0FFF0A}.Release|x64.Build.0 = Release|Any CPU
		{276A45D4-7F7D-4F63-B00D-9C508D0FFF0A}.Release|x86.ActiveCfg = Release|Any CPU
		{276A45D4-7F7D-4F63-B00D-9C508D0FFF0A}.Release|x86.Build.0 = Release|Any CPU
		{2FF3A1C5-6CD6-48E7-9D82-B7E8030F444A}.Debug|Any CPU.ActiveCfg = Debug|Any CPU
		{2FF3A1C5-6CD6-48E7-9D82-B7E8030F444A}.Debug|Any CPU.Build.0 = Debug|Any CPU
		{2FF3A1C5-6CD6-48E7-9D82-B7E8030F444A}.Debug|x64.ActiveCfg = Debug|Any CPU
		{2FF3A1C5-6CD6-48E7-9D82-B7E8030F444A}.Debug|x64.Build.0 = Debug|Any CPU
		{2FF3A1C5-6CD6-48E7-9D82-B7E8030F444A}.Debug|x86.ActiveCfg = Debug|Any CPU
		{2FF3A1C5-6CD6-48E7-9D82-B7E8030F444A}.Debug|x86.Build.0 = Debug|Any CPU
		{2FF3A1C5-6CD6-48E7-9D82-B7E8030F444A}.Release|Any CPU.ActiveCfg = Release|Any CPU
		{2FF3A1C5-6CD6-48E7-9D82-B7E8030F444A}.Release|Any CPU.Build.0 = Release|Any CPU
		{2FF3A1C5-6CD6-48E7-9D82-B7E8030F444A}.Release|x64.ActiveCfg = Release|Any CPU
		{2FF3A1C5-6CD6-48E7-9D82-B7E8030F444A}.Release|x64.Build.0 = Release|Any CPU
		{2FF3A1C5-6CD6-48E7-9D82-B7E8030F444A}.Release|x86.ActiveCfg = Release|Any CPU
		{2FF3A1C5-6CD6-48E7-9D82-B7E8030F444A}.Release|x86.Build.0 = Release|Any CPU
	EndGlobalSection
	GlobalSection(SolutionProperties) = preSolution
		HideSolutionNode = FALSE
	EndGlobalSection
EndGlobal
